{
  "requires": true,
  "lockfileVersion": 1,
  "dependencies": {
    "typy": {
      "version": "2.0.1",
      "resolved": "https://registry.npmjs.org/typy/-/typy-2.0.1.tgz",
      "integrity": "sha512-XmaoLLk90L1Hq9yoWuh9oIzohATamlIIHm15Uz+8oL8IxyGLczCaGZgVISmaYvUs0UNGt/SVXp5IuojoI2a3cw=="
    }
  }
}
